<?xml version="1.0" encoding="utf-8"?>
<Project ToolsVersion="4.0" xmlns="http://schemas.microsoft.com/developer/msbuild/2003">
  <ItemGroup>
    <Filter Include="Source Files">
      <UniqueIdentifier>{4FC737F1-C7A5-4376-A066-2A32D752A2FF}</UniqueIdentifier>
      <Extensions>cpp;c;cc;cxx;def;odl;idl;hpj;bat;asm;asmx</Extensions>
    </Filter>
    <Filter Include="Header Files">
      <UniqueIdentifier>{93995380-89BD-4b04-88EB-625FBE52EBFB}</UniqueIdentifier>
      <Extensions>h;hpp;hxx;hm;inl;inc;xsd</Extensions>
    </Filter>
    <Filter Include="Resource Files">
      <UniqueIdentifier>{67DA6AB6-F800-4c08-8B7A-83BB121AAD01}</UniqueIdentifier>
      <Extensions>rc;ico;cur;bmp;dlg;rc2;rct;bin;rgs;gif;jpg;jpeg;jpe;resx;tiff;tif;png;wav;mfcribbon-ms</Extensions>
    </Filter>
  </ItemGroup>
  <ItemGroup>
    <Text Include="ReadMe.txt" />
  </ItemGroup>
  <ItemGroup>
    <ClInclude Include="stdafx.h">
      <Filter>Header Files</Filter>
    </ClInclude>
    <ClInclude Include="ROCSCore.h">
      <Filter>Header Files</Filter>
    </ClInclude>
    <ClInclude Include="..\Headers\change_log.h">
      <Filter>Header Files</Filter>
    </ClInclude>
    <ClInclude Include="..\Headers\common.h">
      <Filter>Header Files</Filter>
    </ClInclude>
    <ClInclude Include="..\Headers\rocs_core.h">
      <Filter>Header Files</Filter>
    </ClInclude>
    <ClInclude Include="..\Headers\rocs_midi.h">
      <Filter>Header Files</Filter>
    </ClInclude>
    <ClInclude Include="..\Headers\standard_midi.h">
      <Filter>Header Files</Filter>
    </ClInclude>
    <ClInclude Include="..\Headers\timeline.h">
      <Filter>Header Files</Filter>
    </ClInclude>
    <ClInclude Include="..\Headers\changelog\change_log.h">
      <Filter>Header Files</Filter>
    </ClInclude>
    <ClInclude Include="..\Headers\changelog\change_log_exception.h">
      <Filter>Header Files</Filter>
    </ClInclude>
    <ClInclude Include="..\Headers\changelog\cl_events.h">
      <Filter>Header Files</Filter>
    </ClInclude>
    <ClInclude Include="..\Headers\changelog\cl_sequences.h">
      <Filter>Header Files</Filter>
    </ClInclude>
    <ClInclude Include="..\Headers\changelog\read_marker.h">
      <Filter>Header Files</Filter>
    </ClInclude>
    <ClInclude Include="..\Headers\changelog\song_log.h">
      <Filter>Header Files</Filter>
    </ClInclude>
    <ClInclude Include="..\Headers\changelog\change_log_version.h">
      <Filter>Header Files</Filter>
    </ClInclude>
    <ClInclude Include="..\Headers\common\attacca_defs.h">
      <Filter>Header Files</Filter>
    </ClInclude>
    <ClInclude Include="..\Headers\common\codes.h">
      <Filter>Header Files</Filter>
    </ClInclude>
    <ClInclude Include="..\Headers\common\filter_filename.h">
      <Filter>Header Files</Filter>
    </ClInclude>
    <ClInclude Include="..\Headers\common\key_sigs.h">
      <Filter>Header Files</Filter>
    </ClInclude>
    <ClInclude Include="..\Headers\common\parse_filename.h">
      <Filter>Header Files</Filter>
    </ClInclude>
    <ClInclude Include="..\Headers\common\range.h">
      <Filter>Header Files</Filter>
    </ClInclude>
    <ClInclude Include="..\Headers\common\rocs_event.h">
      <Filter>Header Files</Filter>
    </ClInclude>
    <ClInclude Include="..\Headers\common\rocs_exception.h">
      <Filter>Header Files</Filter>
    </ClInclude>
    <ClInclude Include="..\Headers\common\rocs_file_header.h">
      <Filter>Header Files</Filter>
    </ClInclude>
    <ClInclude Include="..\Headers\common\rocs_sequence.h">
      <Filter>Header Files</Filter>
    </ClInclude>
    <ClInclude Include="..\Headers\common\rocs_version.h">
      <Filter>Header Files</Filter>
    </ClInclude>
    <ClInclude Include="..\Headers\common\verify_align.h">
      <Filter>Header Files</Filter>
    </ClInclude>
    <ClInclude Include="..\Headers\common\warnings.h">
      <Filter>Header Files</Filter>
    </ClInclude>
    <ClInclude Include="..\Headers\common\xplatform_midi.h">
      <Filter>Header Files</Filter>
    </ClInclude>
    <ClInclude Include="..\Headers\rocs_midi\groups.h">
      <Filter>Header Files</Filter>
    </ClInclude>
    <ClInclude Include="..\Headers\rocs_midi\rocs_midi_exception.h">
      <Filter>Header Files</Filter>
    </ClInclude>
    <ClInclude Include="..\Headers\rocs_midi\show_data.h">
      <Filter>Header Files</Filter>
    </ClInclude>
    <ClInclude Include="..\Headers\rocs_midi\song_data.h">
      <Filter>Header Files</Filter>
    </ClInclude>
    <ClInclude Include="..\Headers\rocs_midi\show_data_version.h">
      <Filter>Header Files</Filter>
    </ClInclude>
    <ClInclude Include="..\Headers\rocs_midi\voice_data.h">
      <Filter>Header Files</Filter>
    </ClInclude>
    <ClInclude Include="..\Headers\rocs_midi\voice_event.h">
      <Filter>Header Files</Filter>
    </ClInclude>
    <ClInclude Include="..\Headers\rocs_midi\voice_track.h">
      <Filter>Header Files</Filter>
    </ClInclude>
    <ClInclude Include="..\Headers\std_midi\meta_messages.h">
      <Filter>Header Files</Filter>
    </ClInclude>
    <ClInclude Include="..\Headers\std_midi\midi_file.h">
      <Filter>Header Files</Filter>
    </ClInclude>
    <ClInclude Include="..\Headers\std_midi\midi_packet.h">
      <Filter>Header Files</Filter>
    </ClInclude>
    <ClInclude Include="..\Headers\std_midi\midi_track.h">
      <Filter>Header Files</Filter>
    </ClInclude>
    <ClInclude Include="..\Headers\std_midi\status_bytes.h">
      <Filter>Header Files</Filter>
    </ClInclude>
    <ClInclude Include="..\Headers\std_midi\utility.h">
      <Filter>Header Files</Filter>
    </ClInclude>
    <ClInclude Include="..\Headers\std_midi\voice_message.h">
      <Filter>Header Files</Filter>
    </ClInclude>
    <ClInclude Include="..\Headers\timeline\midi_loaders.h">
      <Filter>Header Files</Filter>
    </ClInclude>
    <ClInclude Include="..\Headers\timeline\timeline.h">
      <Filter>Header Files</Filter>
    </ClInclude>
    <ClInclude Include="..\Headers\timeline\timeline_exception.h">
      <Filter>Header Files</Filter>
    </ClInclude>
    <ClInclude Include="..\Headers\timeline\tl_events.h">
      <Filter>Header Files</Filter>
    </ClInclude>
    <ClInclude Include="..\Headers\timeline\tl_sequences.h">
      <Filter>Header Files</Filter>
    </ClInclude>
    <ClInclude Include="..\..\ExLib\ExLib\binary_io.h">
      <Filter>Header Files</Filter>
    </ClInclude>
    <ClInclude Include="..\..\ExLib\ExLib\binary_string_io.h">
      <Filter>Header Files</Filter>
    </ClInclude>
    <ClInclude Include="..\..\ExLib\ExLib\chrono_io.h">
      <Filter>Header Files</Filter>
    </ClInclude>
    <ClInclude Include="..\..\ExLib\ExLib\cxx11.h">
      <Filter>Header Files</Filter>
    </ClInclude>
    <ClInclude Include="..\..\ExLib\ExLib\ex_errno.h">
      <Filter>Header Files</Filter>
    </ClInclude>
    <ClInclude Include="..\..\ExLib\ExLib\format.h">
      <Filter>Header Files</Filter>
    </ClInclude>
    <ClInclude Include="..\..\ExLib\ExLib\fpcompare.h">
      <Filter>Header Files</Filter>
    </ClInclude>
    <ClInclude Include="..\..\ExLib\ExLib\id3.h">
      <Filter>Header Files</Filter>
    </ClInclude>
    <ClInclude Include="..\..\ExLib\ExLib\iostreambuf.h">
      <Filter>Header Files</Filter>
    </ClInclude>
    <ClInclude Include="..\..\ExLib\ExLib\listdir.h">
      <Filter>Header Files</Filter>
    </ClInclude>
    <ClInclude Include="..\..\ExLib\ExLib\map_iters.h">
      <Filter>Header Files</Filter>
    </ClInclude>
    <ClInclude Include="..\..\ExLib\ExLib\map_lib.h">
      <Filter>Header Files</Filter>
    </ClInclude>
    <ClInclude Include="..\..\ExLib\ExLib\numeric_string_compare.h">
      <Filter>Header Files</Filter>
    </ClInclude>
    <ClInclude Include="..\..\ExLib\ExLib\path.h">
      <Filter>Header Files</Filter>
    </ClInclude>
    <ClInclude Include="..\..\ExLib\ExLib\ptr_map.h">
      <Filter>Header Files</Filter>
    </ClInclude>
    <ClInclude Include="..\..\ExLib\ExLib\ptr_vector.h">
      <Filter>Header Files</Filter>
    </ClInclude>
    <ClInclude Include="..\..\ExLib\ExLib\range.h">
      <Filter>Header Files</Filter>
    </ClInclude>
    <ClInclude Include="..\..\ExLib\ExLib\ratio_io.h">
      <Filter>Header Files</Filter>
    </ClInclude>
    <ClInclude Include="..\..\ExLib\ExLib\reverse_byte_order.h">
      <Filter>Header Files</Filter>
    </ClInclude>
    <ClInclude Include="..\..\ExLib\ExLib\string_gen.h">
      <Filter>Header Files</Filter>
    </ClInclude>
    <ClInclude Include="..\..\ExLib\ExLib\string_lib.h">
      <Filter>Header Files</Filter>
    </ClInclude>
    <ClInclude Include="..\..\ExLib\ExLib\time_stamp.h">
      <Filter>Header Files</Filter>
    </ClInclude>
    <ClInclude Include="..\..\ExLib\ExLib\transform_iterator.h">
      <Filter>Header Files</Filter>
    </ClInclude>
    <ClInclude Include="..\..\ExLib\ExLib\type_traits.h">
      <Filter>Header Files</Filter>
    </ClInclude>
    <ClInclude Include="..\..\ExLib\ExLib\uuid.h">
      <Filter>Header Files</Filter>
    </ClInclude>
    <ClInclude Include="..\..\ExLib\ExLib\xplatform_types.h">
      <Filter>Header Files</Filter>
    </ClInclude>
    <ClInclude Include="..\..\ExLib\Headers\binary_io.h">
      <Filter>Header Files</Filter>
    </ClInclude>
    <ClInclude Include="..\..\ExLib\Headers\binary_string_io.h">
      <Filter>Header Files</Filter>
    </ClInclude>
    <ClInclude Include="..\..\ExLib\Headers\chrono_io.h">
      <Filter>Header Files</Filter>
    </ClInclude>
    <ClInclude Include="..\..\ExLib\Headers\cxx11.h">
      <Filter>Header Files</Filter>
    </ClInclude>
    <ClInclude Include="..\..\ExLib\Headers\ex_errno.h">
      <Filter>Header Files</Filter>
    </ClInclude>
    <ClInclude Include="..\..\ExLib\Headers\format.h">
      <Filter>Header Files</Filter>
    </ClInclude>
    <ClInclude Include="..\..\ExLib\Headers\fpcompare.h">
      <Filter>Header Files</Filter>
    </ClInclude>
    <ClInclude Include="..\..\ExLib\Headers\id3.h">
      <Filter>Header Files</Filter>
    </ClInclude>
    <ClInclude Include="..\..\ExLib\Headers\iostreambuf.h">
      <Filter>Header Files</Filter>
    </ClInclude>
    <ClInclude Include="..\..\ExLib\Headers\listdir.h">
      <Filter>Header Files</Filter>
    </ClInclude>
    <ClInclude Include="..\..\ExLib\Headers\map_iters.h">
      <Filter>Header Files</Filter>
    </ClInclude>
    <ClInclude Include="..\..\ExLib\Headers\map_lib.h">
      <Filter>Header Files</Filter>
    </ClInclude>
    <ClInclude Include="..\..\ExLib\Headers\numeric_string_compare.h">
      <Filter>Header Files</Filter>
    </ClInclude>
    <ClInclude Include="..\..\ExLib\Headers\path.h">
      <Filter>Header Files</Filter>
    </ClInclude>
    <ClInclude Include="..\..\ExLib\Headers\ptr_map.h">
      <Filter>Header Files</Filter>
    </ClInclude>
    <ClInclude Include="..\..\ExLib\Headers\ptr_vector.h">
      <Filter>Header Files</Filter>
    </ClInclude>
    <ClInclude Include="..\..\ExLib\Headers\range.h">
      <Filter>Header Files</Filter>
    </ClInclude>
    <ClInclude Include="..\..\ExLib\Headers\ratio_io.h">
      <Filter>Header Files</Filter>
    </ClInclude>
    <ClInclude Include="..\..\ExLib\Headers\reverse_byte_order.h">
      <Filter>Header Files</Filter>
    </ClInclude>
    <ClInclude Include="..\..\ExLib\Headers\string_gen.h">
      <Filter>Header Files</Filter>
    </ClInclude>
    <ClInclude Include="..\..\ExLib\Headers\string_lib.h">
      <Filter>Header Files</Filter>
    </ClInclude>
    <ClInclude Include="..\..\ExLib\Headers\time_stamp.h">
      <Filter>Header Files</Filter>
    </ClInclude>
    <ClInclude Include="..\..\ExLib\Headers\transform_iterator.h">
      <Filter>Header Files</Filter>
    </ClInclude>
    <ClInclude Include="..\..\ExLib\Headers\type_traits.h">
      <Filter>Header Files</Filter>
    </ClInclude>
    <ClInclude Include="..\..\ExLib\Headers\uuid.h">
      <Filter>Header Files</Filter>
    </ClInclude>
    <ClInclude Include="..\..\ExLib\Headers\xplatform_types.h">
      <Filter>Header Files</Filter>
    </ClInclude>
  </ItemGroup>
  <ItemGroup>
    <ClCompile Include="stdafx.cpp">
      <Filter>Source Files</Filter>
    </ClCompile>
    <ClCompile Include="ROCSCore.cpp">
      <Filter>Source Files</Filter>
    </ClCompile>
    <ClCompile Include="dllmain.cpp">
      <Filter>Source Files</Filter>
    </ClCompile>
    <ClCompile Include="..\Sources\changelog\change_log.cpp">
      <Filter>Source Files</Filter>
    </ClCompile>
    <ClCompile Include="..\Sources\changelog\cl_events.cpp">
      <Filter>Source Files</Filter>
    </ClCompile>
    <ClCompile Include="..\Sources\changelog\cl_sequences.cpp">
      <Filter>Source Files</Filter>
    </ClCompile>
    <ClCompile Include="..\Sources\changelog\read_marker.cpp">
      <Filter>Source Files</Filter>
    </ClCompile>
    <ClCompile Include="..\Sources\changelog\song_log.cpp">
      <Filter>Source Files</Filter>
    </ClCompile>
    <ClCompile Include="..\Sources\common\attacca_defs.cpp">
      <Filter>Source Files</Filter>
    </ClCompile>
    <ClCompile Include="..\Sources\common\codes.cpp">
      <Filter>Source Files</Filter>
    </ClCompile>
    <ClCompile Include="..\Sources\common\filter_filename.cpp">
      <Filter>Source Files</Filter>
    </ClCompile>
    <ClCompile Include="..\Sources\common\key_sigs.cpp">
      <Filter>Source Files</Filter>
    </ClCompile>
    <ClCompile Include="..\Sources\common\parse_filename.cpp">
      <Filter>Source Files</Filter>
    </ClCompile>
    <ClCompile Include="..\Sources\common\rocs_event.cpp">
      <Filter>Source Files</Filter>
    </ClCompile>
    <ClCompile Include="..\Sources\common\rocs_file_header.cpp">
      <Filter>Source Files</Filter>
    </ClCompile>
    <ClCompile Include="..\Sources\common\warnings.cpp">
      <Filter>Source Files</Filter>
    </ClCompile>
    <ClCompile Include="..\Sources\rocs_midi\groups.cpp">
      <Filter>Source Files</Filter>
    </ClCompile>
    <ClCompile Include="..\Sources\rocs_midi\show_data.cpp">
      <Filter>Source Files</Filter>
    </ClCompile>
    <ClCompile Include="..\Sources\rocs_midi\song_data.cpp">
      <Filter>Source Files</Filter>
    </ClCompile>
    <ClCompile Include="..\Sources\rocs_midi\voice_data.cpp">
      <Filter>Source Files</Filter>
    </ClCompile>
    <ClCompile Include="..\Sources\rocs_midi\voice_event.cpp">
      <Filter>Source Files</Filter>
    </ClCompile>
    <ClCompile Include="..\Sources\rocs_midi\voice_track.cpp">
      <Filter>Source Files</Filter>
    </ClCompile>
    <ClCompile Include="..\Sources\std_midi\meta_messages.cpp">
      <Filter>Source Files</Filter>
    </ClCompile>
    <ClCompile Include="..\Sources\std_midi\midi_file.cpp">
      <Filter>Source Files</Filter>
    </ClCompile>
    <ClCompile Include="..\Sources\std_midi\midi_packet.cpp">
      <Filter>Source Files</Filter>
    </ClCompile>
    <ClCompile Include="..\Sources\std_midi\midi_track.cpp">
      <Filter>Source Files</Filter>
    </ClCompile>
    <ClCompile Include="..\Sources\std_midi\status_bytes.cpp">
      <Filter>Source Files</Filter>
    </ClCompile>
    <ClCompile Include="..\Sources\std_midi\utility.cpp">
      <Filter>Source Files</Filter>
    </ClCompile>
    <ClCompile Include="..\Sources\std_midi\voice_message.cpp">
      <Filter>Source Files</Filter>
    </ClCompile>
    <ClCompile Include="..\Sources\timeline\midi_loaders.cpp">
      <Filter>Source Files</Filter>
    </ClCompile>
    <ClCompile Include="..\Sources\timeline\timeline.cpp">
      <Filter>Source Files</Filter>
    </ClCompile>
    <ClCompile Include="..\Sources\timeline\tl_events.cpp">
      <Filter>Source Files</Filter>
    </ClCompile>
    <ClCompile Include="..\..\ExLib\Sources\binary_string_io.cpp">
      <Filter>Source Files</Filter>
    </ClCompile>
    <ClCompile Include="..\..\ExLib\Sources\ex_errno.cpp">
      <Filter>Source Files</Filter>
    </ClCompile>
    <ClCompile Include="..\..\ExLib\Sources\format.cpp">
      <Filter>Source Files</Filter>
    </ClCompile>
    <ClCompile Include="..\..\ExLib\Sources\id3.cpp">
      <Filter>Source Files</Filter>
    </ClCompile>
    <ClCompile Include="..\..\ExLib\Sources\iostreambuf.cpp">
      <Filter>Source Files</Filter>
    </ClCompile>
    <ClCompile Include="..\..\ExLib\Sources\listdir.cpp">
      <Filter>Source Files</Filter>
    </ClCompile>
    <ClCompile Include="..\..\ExLib\Sources\numeric_string_compare.cpp">
      <Filter>Source Files</Filter>
    </ClCompile>
    <ClCompile Include="..\..\ExLib\Sources\path.cpp">
      <Filter>Source Files</Filter>
    </ClCompile>
    <ClCompile Include="..\..\ExLib\Sources\string_gen.cpp">
      <Filter>Source Files</Filter>
    </ClCompile>
    <ClCompile Include="..\..\ExLib\Sources\string_lib.cpp">
      <Filter>Source Files</Filter>
    </ClCompile>
    <ClCompile Include="..\..\ExLib\Sources\time_stamp.cpp">
      <Filter>Source Files</Filter>
    </ClCompile>
    <ClCompile Include="..\..\ExLib\Sources\uuid.cpp">
      <Filter>Source Files</Filter>
    </ClCompile>
  </ItemGroup>
</Project>
